// !$*UTF8*$!
{
	archiveVersion = 1;
	classes = {
	};
	objectVersion = 56;
	objects = {

/* Begin PBXBuildFile section */
		D06E80D22B48099C00C6A44A /* CoinDataService.swift in Sources */ = {isa = PBXBuildFile; fileRef = D06E80D12B48099C00C6A44A /* CoinDataService.swift */; };
		D06E80D52B481E8A00C6A44A /* NetworkingManager.swift in Sources */ = {isa = PBXBuildFile; fileRef = D06E80D42B481E8A00C6A44A /* NetworkingManager.swift */; };
		D06E80D82B4823C300C6A44A /* CoinImageView.swift in Sources */ = {isa = PBXBuildFile; fileRef = D06E80D72B4823C300C6A44A /* CoinImageView.swift */; };
		D06E80DA2B4824F700C6A44A /* CoinImageService.swift in Sources */ = {isa = PBXBuildFile; fileRef = D06E80D92B4824F700C6A44A /* CoinImageService.swift */; };
		D06E80DC2B48266D00C6A44A /* CoinImageViewModel.swift in Sources */ = {isa = PBXBuildFile; fileRef = D06E80DB2B48266D00C6A44A /* CoinImageViewModel.swift */; };
		D06E80DE2B482DF200C6A44A /* LocalFileManager.swift in Sources */ = {isa = PBXBuildFile; fileRef = D06E80DD2B482DF200C6A44A /* LocalFileManager.swift */; };
		D06E80E02B4836B400C6A44A /* SearchBarView.swift in Sources */ = {isa = PBXBuildFile; fileRef = D06E80DF2B4836B400C6A44A /* SearchBarView.swift */; };
		D06E80E22B483BCB00C6A44A /* UIApplication.swift in Sources */ = {isa = PBXBuildFile; fileRef = D06E80E12B483BCB00C6A44A /* UIApplication.swift */; };
		D07DF11B2B459BA20024BE4F /* HomeViewModel.swift in Sources */ = {isa = PBXBuildFile; fileRef = D07DF11A2B459BA20024BE4F /* HomeViewModel.swift */; };
		D0CA03912B442B28004BBC82 /* CryptoviewApp.swift in Sources */ = {isa = PBXBuildFile; fileRef = D0CA03902B442B28004BBC82 /* CryptoviewApp.swift */; };
		D0CA03932B442B28004BBC82 /* ContentView.swift in Sources */ = {isa = PBXBuildFile; fileRef = D0CA03922B442B28004BBC82 /* ContentView.swift */; };
		D0CA03982B442B2B004BBC82 /* Preview Assets.xcassets in Resources */ = {isa = PBXBuildFile; fileRef = D0CA03972B442B2B004BBC82 /* Preview Assets.xcassets */; };
		D0CA039F2B442CB8004BBC82 /* Assets.xcassets in Resources */ = {isa = PBXBuildFile; fileRef = D0CA039E2B442CB8004BBC82 /* Assets.xcassets */; };
		D0CA03A22B442E0F004BBC82 /* Color.swift in Sources */ = {isa = PBXBuildFile; fileRef = D0CA03A12B442E0F004BBC82 /* Color.swift */; };
		D0CA03A82B4432CA004BBC82 /* HomeView.swift in Sources */ = {isa = PBXBuildFile; fileRef = D0CA03A72B4432CA004BBC82 /* HomeView.swift */; };
		D0CA03AC2B44346C004BBC82 /* CircleButtonView.swift in Sources */ = {isa = PBXBuildFile; fileRef = D0CA03AB2B44346C004BBC82 /* CircleButtonView.swift */; };
		D0CA03AE2B44475B004BBC82 /* CircleButtonAnimationView.swift in Sources */ = {isa = PBXBuildFile; fileRef = D0CA03AD2B44475B004BBC82 /* CircleButtonAnimationView.swift */; };
		D0E561162B4ABCBE00129E0C /* StatisticModel.swift in Sources */ = {isa = PBXBuildFile; fileRef = D0E561152B4ABCBE00129E0C /* StatisticModel.swift */; };
		D0E561182B4AC27400129E0C /* StatisticView.swift in Sources */ = {isa = PBXBuildFile; fileRef = D0E561172B4AC27400129E0C /* StatisticView.swift */; };
		D0E5611A2B4AC5C700129E0C /* HomeStatisticsView.swift in Sources */ = {isa = PBXBuildFile; fileRef = D0E561192B4AC5C700129E0C /* HomeStatisticsView.swift */; };
		D0E5611C2B4ACA2800129E0C /* MarketDataModel.swift in Sources */ = {isa = PBXBuildFile; fileRef = D0E5611B2B4ACA2800129E0C /* MarketDataModel.swift */; };
		D0E5611E2B4ACCCC00129E0C /* MarketDataService.swift in Sources */ = {isa = PBXBuildFile; fileRef = D0E5611D2B4ACCCC00129E0C /* MarketDataService.swift */; };
		D0E561202B4AE90A00129E0C /* PortfolioView.swift in Sources */ = {isa = PBXBuildFile; fileRef = D0E5611F2B4AE90A00129E0C /* PortfolioView.swift */; };
		D0E561222B4AEB8200129E0C /* XMarkButton.swift in Sources */ = {isa = PBXBuildFile; fileRef = D0E561212B4AEB8200129E0C /* XMarkButton.swift */; };
		D0E561242B4AEE8100129E0C /* CoinLogoView.swift in Sources */ = {isa = PBXBuildFile; fileRef = D0E561232B4AEE8100129E0C /* CoinLogoView.swift */; };
		D0E561272B4BEC0900129E0C /* PortfolioContainer.xcdatamodeld in Sources */ = {isa = PBXBuildFile; fileRef = D0E561252B4BEC0900129E0C /* PortfolioContainer.xcdatamodeld */; };
		D0E561292B4BECD200129E0C /* PortfolioDataService.swift in Sources */ = {isa = PBXBuildFile; fileRef = D0E561282B4BECD200129E0C /* PortfolioDataService.swift */; };
		D0E5612B2B4C037200129E0C /* HapticManager.swift in Sources */ = {isa = PBXBuildFile; fileRef = D0E5612A2B4C037200129E0C /* HapticManager.swift */; };
		D0FDC4582B444C540045BF62 /* CoinModel.swift in Sources */ = {isa = PBXBuildFile; fileRef = D0FDC4572B444C540045BF62 /* CoinModel.swift */; };
		D0FDC45A2B4455200045BF62 /* CoinRowView.swift in Sources */ = {isa = PBXBuildFile; fileRef = D0FDC4592B4455200045BF62 /* CoinRowView.swift */; };
		D0FDC45C2B4455860045BF62 /* PreviewProvider.swift in Sources */ = {isa = PBXBuildFile; fileRef = D0FDC45B2B4455860045BF62 /* PreviewProvider.swift */; };
		D0FDC45E2B445A6D0045BF62 /* Double.swift in Sources */ = {isa = PBXBuildFile; fileRef = D0FDC45D2B445A6D0045BF62 /* Double.swift */; };
/* End PBXBuildFile section */

/* Begin PBXFileReference section */
		D06E80D12B48099C00C6A44A /* CoinDataService.swift */ = {isa = PBXFileReference; lastKnownFileType = sourcecode.swift; path = CoinDataService.swift; sourceTree = "<group>"; };
		D06E80D42B481E8A00C6A44A /* NetworkingManager.swift */ = {isa = PBXFileReference; lastKnownFileType = sourcecode.swift; path = NetworkingManager.swift; sourceTree = "<group>"; };
		D06E80D72B4823C300C6A44A /* CoinImageView.swift */ = {isa = PBXFileReference; lastKnownFileType = sourcecode.swift; path = CoinImageView.swift; sourceTree = "<group>"; };
		D06E80D92B4824F700C6A44A /* CoinImageService.swift */ = {isa = PBXFileReference; lastKnownFileType = sourcecode.swift; path = CoinImageService.swift; sourceTree = "<group>"; };
		D06E80DB2B48266D00C6A44A /* CoinImageViewModel.swift */ = {isa = PBXFileReference; lastKnownFileType = sourcecode.swift; path = CoinImageViewModel.swift; sourceTree = "<group>"; };
		D06E80DD2B482DF200C6A44A /* LocalFileManager.swift */ = {isa = PBXFileReference; lastKnownFileType = sourcecode.swift; path = LocalFileManager.swift; sourceTree = "<group>"; };
		D06E80DF2B4836B400C6A44A /* SearchBarView.swift */ = {isa = PBXFileReference; lastKnownFileType = sourcecode.swift; path = SearchBarView.swift; sourceTree = "<group>"; };
		D06E80E12B483BCB00C6A44A /* UIApplication.swift */ = {isa = PBXFileReference; lastKnownFileType = sourcecode.swift; path = UIApplication.swift; sourceTree = "<group>"; };
		D07DF11A2B459BA20024BE4F /* HomeViewModel.swift */ = {isa = PBXFileReference; lastKnownFileType = sourcecode.swift; path = HomeViewModel.swift; sourceTree = "<group>"; };
		D0CA038D2B442B28004BBC82 /* Cryptoview.app */ = {isa = PBXFileReference; explicitFileType = wrapper.application; includeInIndex = 0; path = Cryptoview.app; sourceTree = BUILT_PRODUCTS_DIR; };
		D0CA03902B442B28004BBC82 /* CryptoviewApp.swift */ = {isa = PBXFileReference; lastKnownFileType = sourcecode.swift; path = CryptoviewApp.swift; sourceTree = "<group>"; };
		D0CA03922B442B28004BBC82 /* ContentView.swift */ = {isa = PBXFileReference; lastKnownFileType = sourcecode.swift; path = ContentView.swift; sourceTree = "<group>"; };
		D0CA03972B442B2B004BBC82 /* Preview Assets.xcassets */ = {isa = PBXFileReference; lastKnownFileType = folder.assetcatalog; path = "Preview Assets.xcassets"; sourceTree = "<group>"; };
		D0CA039E2B442CB8004BBC82 /* Assets.xcassets */ = {isa = PBXFileReference; lastKnownFileType = folder.assetcatalog; name = Assets.xcassets; path = "Preview Content/Assets.xcassets"; sourceTree = "<group>"; };
		D0CA03A12B442E0F004BBC82 /* Color.swift */ = {isa = PBXFileReference; lastKnownFileType = sourcecode.swift; path = Color.swift; sourceTree = "<group>"; };
		D0CA03A72B4432CA004BBC82 /* HomeView.swift */ = {isa = PBXFileReference; lastKnownFileType = sourcecode.swift; path = HomeView.swift; sourceTree = "<group>"; };
		D0CA03AB2B44346C004BBC82 /* CircleButtonView.swift */ = {isa = PBXFileReference; lastKnownFileType = sourcecode.swift; path = CircleButtonView.swift; sourceTree = "<group>"; };
		D0CA03AD2B44475B004BBC82 /* CircleButtonAnimationView.swift */ = {isa = PBXFileReference; lastKnownFileType = sourcecode.swift; path = CircleButtonAnimationView.swift; sourceTree = "<group>"; };
		D0E561152B4ABCBE00129E0C /* StatisticModel.swift */ = {isa = PBXFileReference; lastKnownFileType = sourcecode.swift; path = StatisticModel.swift; sourceTree = "<group>"; };
		D0E561172B4AC27400129E0C /* StatisticView.swift */ = {isa = PBXFileReference; lastKnownFileType = sourcecode.swift; path = StatisticView.swift; sourceTree = "<group>"; };
		D0E561192B4AC5C700129E0C /* HomeStatisticsView.swift */ = {isa = PBXFileReference; lastKnownFileType = sourcecode.swift; path = HomeStatisticsView.swift; sourceTree = "<group>"; };
		D0E5611B2B4ACA2800129E0C /* MarketDataModel.swift */ = {isa = PBXFileReference; lastKnownFileType = sourcecode.swift; path = MarketDataModel.swift; sourceTree = "<group>"; };
		D0E5611D2B4ACCCC00129E0C /* MarketDataService.swift */ = {isa = PBXFileReference; lastKnownFileType = sourcecode.swift; path = MarketDataService.swift; sourceTree = "<group>"; };
		D0E5611F2B4AE90A00129E0C /* PortfolioView.swift */ = {isa = PBXFileReference; lastKnownFileType = sourcecode.swift; path = PortfolioView.swift; sourceTree = "<group>"; };
		D0E561212B4AEB8200129E0C /* XMarkButton.swift */ = {isa = PBXFileReference; lastKnownFileType = sourcecode.swift; path = XMarkButton.swift; sourceTree = "<group>"; };
		D0E561232B4AEE8100129E0C /* CoinLogoView.swift */ = {isa = PBXFileReference; lastKnownFileType = sourcecode.swift; path = CoinLogoView.swift; sourceTree = "<group>"; };
		D0E561262B4BEC0900129E0C /* PortfolioContainer.xcdatamodel */ = {isa = PBXFileReference; lastKnownFileType = wrapper.xcdatamodel; path = PortfolioContainer.xcdatamodel; sourceTree = "<group>"; };
		D0E561282B4BECD200129E0C /* PortfolioDataService.swift */ = {isa = PBXFileReference; lastKnownFileType = sourcecode.swift; path = PortfolioDataService.swift; sourceTree = "<group>"; };
		D0E5612A2B4C037200129E0C /* HapticManager.swift */ = {isa = PBXFileReference; lastKnownFileType = sourcecode.swift; path = HapticManager.swift; sourceTree = "<group>"; };
		D0FDC4572B444C540045BF62 /* CoinModel.swift */ = {isa = PBXFileReference; lastKnownFileType = sourcecode.swift; path = CoinModel.swift; sourceTree = "<group>"; };
		D0FDC4592B4455200045BF62 /* CoinRowView.swift */ = {isa = PBXFileReference; lastKnownFileType = sourcecode.swift; path = CoinRowView.swift; sourceTree = "<group>"; };
		D0FDC45B2B4455860045BF62 /* PreviewProvider.swift */ = {isa = PBXFileReference; lastKnownFileType = sourcecode.swift; path = PreviewProvider.swift; sourceTree = "<group>"; };
		D0FDC45D2B445A6D0045BF62 /* Double.swift */ = {isa = PBXFileReference; lastKnownFileType = sourcecode.swift; path = Double.swift; sourceTree = "<group>"; };
/* End PBXFileReference section */

/* Begin PBXFrameworksBuildPhase section */
		D0CA038A2B442B28004BBC82 /* Frameworks */ = {
			isa = PBXFrameworksBuildPhase;
			buildActionMask = 2147483647;
			files = (
			);
			runOnlyForDeploymentPostprocessing = 0;
		};
/* End PBXFrameworksBuildPhase section */

/* Begin PBXGroup section */
		D06E80D02B48097300C6A44A /* Services */ = {
			isa = PBXGroup;
			children = (
				D06E80D12B48099C00C6A44A /* CoinDataService.swift */,
				D06E80D92B4824F700C6A44A /* CoinImageService.swift */,
				D0E5611D2B4ACCCC00129E0C /* MarketDataService.swift */,
				D0E561282B4BECD200129E0C /* PortfolioDataService.swift */,
			);
			path = Services;
			sourceTree = "<group>";
		};
		D06E80D32B481E6400C6A44A /* Utilities */ = {
			isa = PBXGroup;
			children = (
				D06E80D42B481E8A00C6A44A /* NetworkingManager.swift */,
				D06E80DD2B482DF200C6A44A /* LocalFileManager.swift */,
				D0E5612A2B4C037200129E0C /* HapticManager.swift */,
			);
			path = Utilities;
			sourceTree = "<group>";
		};
		D06E80D62B4823AB00C6A44A /* CoinImage */ = {
			isa = PBXGroup;
			children = (
				D06E80D72B4823C300C6A44A /* CoinImageView.swift */,
				D06E80DB2B48266D00C6A44A /* CoinImageViewModel.swift */,
				D0E561232B4AEE8100129E0C /* CoinLogoView.swift */,
			);
			path = CoinImage;
			sourceTree = "<group>";
		};
		D0CA03842B442B28004BBC82 = {
			isa = PBXGroup;
			children = (
				D0CA038F2B442B28004BBC82 /* Cryptoview */,
				D0CA038E2B442B28004BBC82 /* Products */,
			);
			sourceTree = "<group>";
		};
		D0CA038E2B442B28004BBC82 /* Products */ = {
			isa = PBXGroup;
			children = (
				D0CA038D2B442B28004BBC82 /* Cryptoview.app */,
			);
			name = Products;
			sourceTree = "<group>";
		};
		D0CA038F2B442B28004BBC82 /* Cryptoview */ = {
			isa = PBXGroup;
			children = (
				D06E80D32B481E6400C6A44A /* Utilities */,
				D0CA03A02B442DF5004BBC82 /* Extensions */,
				D06E80D02B48097300C6A44A /* Services */,
				D0FDC4562B444C380045BF62 /* Models */,
				D0CA03A32B443296004BBC82 /* Core */,
				D0CA03902B442B28004BBC82 /* CryptoviewApp.swift */,
				D0CA03922B442B28004BBC82 /* ContentView.swift */,
				D0CA039E2B442CB8004BBC82 /* Assets.xcassets */,
				D0CA03962B442B2B004BBC82 /* Preview Content */,
			);
			path = Cryptoview;
			sourceTree = "<group>";
		};
		D0CA03962B442B2B004BBC82 /* Preview Content */ = {
			isa = PBXGroup;
			children = (
				D0CA03972B442B2B004BBC82 /* Preview Assets.xcassets */,
			);
			path = "Preview Content";
			sourceTree = "<group>";
		};
		D0CA03A02B442DF5004BBC82 /* Extensions */ = {
			isa = PBXGroup;
			children = (
				D0CA03A12B442E0F004BBC82 /* Color.swift */,
				D0FDC45B2B4455860045BF62 /* PreviewProvider.swift */,
				D0FDC45D2B445A6D0045BF62 /* Double.swift */,
				D06E80E12B483BCB00C6A44A /* UIApplication.swift */,
			);
			path = Extensions;
			sourceTree = "<group>";
		};
		D0CA03A32B443296004BBC82 /* Core */ = {
			isa = PBXGroup;
			children = (
				D0CA03A92B443453004BBC82 /* Components */,
				D0CA03A42B44329D004BBC82 /* Home */,
			);
			path = Core;
			sourceTree = "<group>";
		};
		D0CA03A42B44329D004BBC82 /* Home */ = {
			isa = PBXGroup;
			children = (
				D0CA03A52B4432A1004BBC82 /* ViewModels */,
				D0CA03A62B4432AE004BBC82 /* Views */,
			);
			path = Home;
			sourceTree = "<group>";
		};
		D0CA03A52B4432A1004BBC82 /* ViewModels */ = {
			isa = PBXGroup;
			children = (
				D07DF11A2B459BA20024BE4F /* HomeViewModel.swift */,
			);
			path = ViewModels;
			sourceTree = "<group>";
		};
		D0CA03A62B4432AE004BBC82 /* Views */ = {
			isa = PBXGroup;
			children = (
				D0CA03A72B4432CA004BBC82 /* HomeView.swift */,
				D0FDC4592B4455200045BF62 /* CoinRowView.swift */,
				D0E561192B4AC5C700129E0C /* HomeStatisticsView.swift */,
				D0E5611F2B4AE90A00129E0C /* PortfolioView.swift */,
			);
			path = Views;
			sourceTree = "<group>";
		};
		D0CA03A92B443453004BBC82 /* Components */ = {
			isa = PBXGroup;
			children = (
				D06E80DF2B4836B400C6A44A /* SearchBarView.swift */,
				D0E561172B4AC27400129E0C /* StatisticView.swift */,
				D0E561212B4AEB8200129E0C /* XMarkButton.swift */,
				D06E80D62B4823AB00C6A44A /* CoinImage */,
				D0CA03AA2B44345B004BBC82 /* CircleButton */,
			);
			path = Components;
			sourceTree = "<group>";
		};
		D0CA03AA2B44345B004BBC82 /* CircleButton */ = {
			isa = PBXGroup;
			children = (
				D0CA03AB2B44346C004BBC82 /* CircleButtonView.swift */,
				D0CA03AD2B44475B004BBC82 /* CircleButtonAnimationView.swift */,
			);
			path = CircleButton;
			sourceTree = "<group>";
		};
		D0FDC4562B444C380045BF62 /* Models */ = {
			isa = PBXGroup;
			children = (
				D0FDC4572B444C540045BF62 /* CoinModel.swift */,
				D0E561152B4ABCBE00129E0C /* StatisticModel.swift */,
				D0E5611B2B4ACA2800129E0C /* MarketDataModel.swift */,
				D0E561252B4BEC0900129E0C /* PortfolioContainer.xcdatamodeld */,
			);
			path = Models;
			sourceTree = "<group>";
		};
/* End PBXGroup section */

/* Begin PBXNativeTarget section */
		D0CA038C2B442B28004BBC82 /* Cryptoview */ = {
			isa = PBXNativeTarget;
			buildConfigurationList = D0CA039B2B442B2B004BBC82 /* Build configuration list for PBXNativeTarget "Cryptoview" */;
			buildPhases = (
				D0CA03892B442B28004BBC82 /* Sources */,
				D0CA038A2B442B28004BBC82 /* Frameworks */,
				D0CA038B2B442B28004BBC82 /* Resources */,
			);
			buildRules = (
			);
			dependencies = (
			);
			name = Cryptoview;
			productName = Cryptoview;
			productReference = D0CA038D2B442B28004BBC82 /* Cryptoview.app */;
			productType = "com.apple.product-type.application";
		};
/* End PBXNativeTarget section */

/* Begin PBXProject section */
		D0CA03852B442B28004BBC82 /* Project object */ = {
			isa = PBXProject;
			attributes = {
				BuildIndependentTargetsInParallel = 1;
				LastSwiftUpdateCheck = 1510;
				LastUpgradeCheck = 1510;
				TargetAttributes = {
					D0CA038C2B442B28004BBC82 = {
						CreatedOnToolsVersion = 15.1;
					};
				};
			};
			buildConfigurationList = D0CA03882B442B28004BBC82 /* Build configuration list for PBXProject "Cryptoview" */;
			compatibilityVersion = "Xcode 14.0";
			developmentRegion = en;
			hasScannedForEncodings = 0;
			knownRegions = (
				en,
				Base,
			);
			mainGroup = D0CA03842B442B28004BBC82;
			productRefGroup = D0CA038E2B442B28004BBC82 /* Products */;
			projectDirPath = "";
			projectRoot = "";
			targets = (
				D0CA038C2B442B28004BBC82 /* Cryptoview */,
			);
		};
/* End PBXProject section */

/* Begin PBXResourcesBuildPhase section */
		D0CA038B2B442B28004BBC82 /* Resources */ = {
			isa = PBXResourcesBuildPhase;
			buildActionMask = 2147483647;
			files = (
				D0CA03982B442B2B004BBC82 /* Preview Assets.xcassets in Resources */,
				D0CA039F2B442CB8004BBC82 /* Assets.xcassets in Resources */,
			);
			runOnlyForDeploymentPostprocessing = 0;
		};
/* End PBXResourcesBuildPhase section */

/* Begin PBXSourcesBuildPhase section */
		D0CA03892B442B28004BBC82 /* Sources */ = {
			isa = PBXSourcesBuildPhase;
			buildActionMask = 2147483647;
			files = (
				D0E561272B4BEC0900129E0C /* PortfolioContainer.xcdatamodeld in Sources */,
				D0E561162B4ABCBE00129E0C /* StatisticModel.swift in Sources */,
				D0FDC45A2B4455200045BF62 /* CoinRowView.swift in Sources */,
				D07DF11B2B459BA20024BE4F /* HomeViewModel.swift in Sources */,
				D0CA03932B442B28004BBC82 /* ContentView.swift in Sources */,
				D0CA03A82B4432CA004BBC82 /* HomeView.swift in Sources */,
				D06E80DE2B482DF200C6A44A /* LocalFileManager.swift in Sources */,
				D0E5611C2B4ACA2800129E0C /* MarketDataModel.swift in Sources */,
				D0E5611A2B4AC5C700129E0C /* HomeStatisticsView.swift in Sources */,
				D06E80D22B48099C00C6A44A /* CoinDataService.swift in Sources */,
				D0E561182B4AC27400129E0C /* StatisticView.swift in Sources */,
				D06E80D82B4823C300C6A44A /* CoinImageView.swift in Sources */,
				D0CA03912B442B28004BBC82 /* CryptoviewApp.swift in Sources */,
				D06E80E22B483BCB00C6A44A /* UIApplication.swift in Sources */,
				D0CA03AC2B44346C004BBC82 /* CircleButtonView.swift in Sources */,
				D0CA03A22B442E0F004BBC82 /* Color.swift in Sources */,
				D0E5612B2B4C037200129E0C /* HapticManager.swift in Sources */,
				D06E80E02B4836B400C6A44A /* SearchBarView.swift in Sources */,
				D06E80D52B481E8A00C6A44A /* NetworkingManager.swift in Sources */,
				D0E561242B4AEE8100129E0C /* CoinLogoView.swift in Sources */,
				D0E561222B4AEB8200129E0C /* XMarkButton.swift in Sources */,
				D0E5611E2B4ACCCC00129E0C /* MarketDataService.swift in Sources */,
				D0CA03AE2B44475B004BBC82 /* CircleButtonAnimationView.swift in Sources */,
				D06E80DC2B48266D00C6A44A /* CoinImageViewModel.swift in Sources */,
				D0FDC45C2B4455860045BF62 /* PreviewProvider.swift in Sources */,
				D0E561202B4AE90A00129E0C /* PortfolioView.swift in Sources */,
				D0FDC45E2B445A6D0045BF62 /* Double.swift in Sources */,
				D06E80DA2B4824F700C6A44A /* CoinImageService.swift in Sources */,
				D0FDC4582B444C540045BF62 /* CoinModel.swift in Sources */,
				D0E561292B4BECD200129E0C /* PortfolioDataService.swift in Sources */,
			);
			runOnlyForDeploymentPostprocessing = 0;
		};
/* End PBXSourcesBuildPhase section */

/* Begin XCBuildConfiguration section */
		D0CA03992B442B2B004BBC82 /* Debug */ = {
			isa = XCBuildConfiguration;
			buildSettings = {
				ALWAYS_SEARCH_USER_PATHS = NO;
				ASSETCATALOG_COMPILER_GENERATE_SWIFT_ASSET_SYMBOL_EXTENSIONS = YES;
				CLANG_ANALYZER_NONNULL = YES;
				CLANG_ANALYZER_NUMBER_OBJECT_CONVERSION = YES_AGGRESSIVE;
				CLANG_CXX_LANGUAGE_STANDARD = "gnu++20";
				CLANG_ENABLE_MODULES = YES;
				CLANG_ENABLE_OBJC_ARC = YES;
				CLANG_ENABLE_OBJC_WEAK = YES;
				CLANG_WARN_BLOCK_CAPTURE_AUTORELEASING = YES;
				CLANG_WARN_BOOL_CONVERSION = YES;
				CLANG_WARN_COMMA = YES;
				CLANG_WARN_CONSTANT_CONVERSION = YES;
				CLANG_WARN_DEPRECATED_OBJC_IMPLEMENTATIONS = YES;
				CLANG_WARN_DIRECT_OBJC_ISA_USAGE = YES_ERROR;
				CLANG_WARN_DOCUMENTATION_COMMENTS = YES;
				CLANG_WARN_EMPTY_BODY = YES;
				CLANG_WARN_ENUM_CONVERSION = YES;
				CLANG_WARN_INFINITE_RECURSION = YES;
				CLANG_WARN_INT_CONVERSION = YES;
				CLANG_WARN_NON_LITERAL_NULL_CONVERSION = YES;
				CLANG_WARN_OBJC_IMPLICIT_RETAIN_SELF = YES;
				CLANG_WARN_OBJC_LITERAL_CONVERSION = YES;
				CLANG_WARN_OBJC_ROOT_CLASS = YES_ERROR;
				CLANG_WARN_QUOTED_INCLUDE_IN_FRAMEWORK_HEADER = YES;
				CLANG_WARN_RANGE_LOOP_ANALYSIS = YES;
				CLANG_WARN_STRICT_PROTOTYPES = YES;
				CLANG_WARN_SUSPICIOUS_MOVE = YES;
				CLANG_WARN_UNGUARDED_AVAILABILITY = YES_AGGRESSIVE;
				CLANG_WARN_UNREACHABLE_CODE = YES;
				CLANG_WARN__DUPLICATE_METHOD_MATCH = YES;
				COPY_PHASE_STRIP = NO;
				DEBUG_INFORMATION_FORMAT = dwarf;
				ENABLE_STRICT_OBJC_MSGSEND = YES;
				ENABLE_TESTABILITY = YES;
				ENABLE_USER_SCRIPT_SANDBOXING = YES;
				GCC_C_LANGUAGE_STANDARD = gnu17;
				GCC_DYNAMIC_NO_PIC = NO;
				GCC_NO_COMMON_BLOCKS = YES;
				GCC_OPTIMIZATION_LEVEL = 0;
				GCC_PREPROCESSOR_DEFINITIONS = (
					"DEBUG=1",
					"$(inherited)",
				);
				GCC_WARN_64_TO_32_BIT_CONVERSION = YES;
				GCC_WARN_ABOUT_RETURN_TYPE = YES_ERROR;
				GCC_WARN_UNDECLARED_SELECTOR = YES;
				GCC_WARN_UNINITIALIZED_AUTOS = YES_AGGRESSIVE;
				GCC_WARN_UNUSED_FUNCTION = YES;
				GCC_WARN_UNUSED_VARIABLE = YES;
				IPHONEOS_DEPLOYMENT_TARGET = 17.2;
				LOCALIZATION_PREFERS_STRING_CATALOGS = YES;
				MTL_ENABLE_DEBUG_INFO = INCLUDE_SOURCE;
				MTL_FAST_MATH = YES;
				ONLY_ACTIVE_ARCH = YES;
				SDKROOT = iphoneos;
				SWIFT_ACTIVE_COMPILATION_CONDITIONS = "DEBUG $(inherited)";
				SWIFT_OPTIMIZATION_LEVEL = "-Onone";
			};
			name = Debug;
		};
		D0CA039A2B442B2B004BBC82 /* Release */ = {
			isa = XCBuildConfiguration;
			buildSettings = {
				ALWAYS_SEARCH_USER_PATHS = NO;
				ASSETCATALOG_COMPILER_GENERATE_SWIFT_ASSET_SYMBOL_EXTENSIONS = YES;
				CLANG_ANALYZER_NONNULL = YES;
				CLANG_ANALYZER_NUMBER_OBJECT_CONVERSION = YES_AGGRESSIVE;
				CLANG_CXX_LANGUAGE_STANDARD = "gnu++20";
				CLANG_ENABLE_MODULES = YES;
				CLANG_ENABLE_OBJC_ARC = YES;
				CLANG_ENABLE_OBJC_WEAK = YES;
				CLANG_WARN_BLOCK_CAPTURE_AUTORELEASING = YES;
				CLANG_WARN_BOOL_CONVERSION = YES;
				CLANG_WARN_COMMA = YES;
				CLANG_WARN_CONSTANT_CONVERSION = YES;
				CLANG_WARN_DEPRECATED_OBJC_IMPLEMENTATIONS = YES;
				CLANG_WARN_DIRECT_OBJC_ISA_USAGE = YES_ERROR;
				CLANG_WARN_DOCUMENTATION_COMMENTS = YES;
				CLANG_WARN_EMPTY_BODY = YES;
				CLANG_WARN_ENUM_CONVERSION = YES;
				CLANG_WARN_INFINITE_RECURSION = YES;
				CLANG_WARN_INT_CONVERSION = YES;
				CLANG_WARN_NON_LITERAL_NULL_CONVERSION = YES;
				CLANG_WARN_OBJC_IMPLICIT_RETAIN_SELF = YES;
				CLANG_WARN_OBJC_LITERAL_CONVERSION = YES;
				CLANG_WARN_OBJC_ROOT_CLASS = YES_ERROR;
				CLANG_WARN_QUOTED_INCLUDE_IN_FRAMEWORK_HEADER = YES;
				CLANG_WARN_RANGE_LOOP_ANALYSIS = YES;
				CLANG_WARN_STRICT_PROTOTYPES = YES;
				CLANG_WARN_SUSPICIOUS_MOVE = YES;
				CLANG_WARN_UNGUARDED_AVAILABILITY = YES_AGGRESSIVE;
				CLANG_WARN_UNREACHABLE_CODE = YES;
				CLANG_WARN__DUPLICATE_METHOD_MATCH = YES;
				COPY_PHASE_STRIP = NO;
				DEBUG_INFORMATION_FORMAT = "dwarf-with-dsym";
				ENABLE_NS_ASSERTIONS = NO;
				ENABLE_STRICT_OBJC_MSGSEND = YES;
				ENABLE_USER_SCRIPT_SANDBOXING = YES;
				GCC_C_LANGUAGE_STANDARD = gnu17;
				GCC_NO_COMMON_BLOCKS = YES;
				GCC_WARN_64_TO_32_BIT_CONVERSION = YES;
				GCC_WARN_ABOUT_RETURN_TYPE = YES_ERROR;
				GCC_WARN_UNDECLARED_SELECTOR = YES;
				GCC_WARN_UNINITIALIZED_AUTOS = YES_AGGRESSIVE;
				GCC_WARN_UNUSED_FUNCTION = YES;
				GCC_WARN_UNUSED_VARIABLE = YES;
				IPHONEOS_DEPLOYMENT_TARGET = 17.2;
				LOCALIZATION_PREFERS_STRING_CATALOGS = YES;
				MTL_ENABLE_DEBUG_INFO = NO;
				MTL_FAST_MATH = YES;
				SDKROOT = iphoneos;
				SWIFT_COMPILATION_MODE = wholemodule;
				VALIDATE_PRODUCT = YES;
			};
			name = Release;
		};
		D0CA039C2B442B2B004BBC82 /* Debug */ = {
			isa = XCBuildConfiguration;
			buildSettings = {
				ASSETCATALOG_COMPILER_APPICON_NAME = AppIcon;
				ASSETCATALOG_COMPILER_GLOBAL_ACCENT_COLOR_NAME = AccentColor;
				CODE_SIGN_STYLE = Automatic;
				CURRENT_PROJECT_VERSION = 1;
				DEVELOPMENT_ASSET_PATHS = "\"Cryptoview/Preview Content\"";
				DEVELOPMENT_TEAM = P24CVK85YR;
				ENABLE_PREVIEWS = YES;
				GENERATE_INFOPLIST_FILE = YES;
				INFOPLIST_KEY_CFBundleDisplayName = Cryptoview;
				INFOPLIST_KEY_LSApplicationCategoryType = "public.app-category.finance";
				INFOPLIST_KEY_UIApplicationSceneManifest_Generation = YES;
				INFOPLIST_KEY_UIApplicationSupportsIndirectInputEvents = YES;
				INFOPLIST_KEY_UILaunchScreen_Generation = YES;
				INFOPLIST_KEY_UISupportedInterfaceOrientations = UIInterfaceOrientationPortrait;
				INFOPLIST_KEY_UISupportedInterfaceOrientations_iPad = "UIInterfaceOrientationLandscapeLeft UIInterfaceOrientationLandscapeRight UIInterfaceOrientationPortrait UIInterfaceOrientationPortraitUpsideDown";
				LD_RUNPATH_SEARCH_PATHS = (
					"$(inherited)",
					"@executable_path/Frameworks",
				);
				MARKETING_VERSION = 1.0;
				PRODUCT_BUNDLE_IDENTIFIER = Hammer.Cryptoview;
				PRODUCT_NAME = "$(TARGET_NAME)";
				SUPPORTED_PLATFORMS = "iphoneos iphonesimulator";
				SUPPORTS_MACCATALYST = NO;
				SUPPORTS_MAC_DESIGNED_FOR_IPHONE_IPAD = NO;
				SWIFT_EMIT_LOC_STRINGS = YES;
				SWIFT_VERSION = 5.0;
				TARGETED_DEVICE_FAMILY = 1;
			};
			name = Debug;
		};
		D0CA039D2B442B2B004BBC82 /* Release */ = {
			isa = XCBuildConfiguration;
			buildSettings = {
				ASSETCATALOG_COMPILER_APPICON_NAME = AppIcon;
				ASSETCATALOG_COMPILER_GLOBAL_ACCENT_COLOR_NAME = AccentColor;
				CODE_SIGN_STYLE = Automatic;
				CURRENT_PROJECT_VERSION = 1;
				DEVELOPMENT_ASSET_PATHS = "\"Cryptoview/Preview Content\"";
				DEVELOPMENT_TEAM = P24CVK85YR;
				ENABLE_PREVIEWS = YES;
				GENERATE_INFOPLIST_FILE = YES;
				INFOPLIST_KEY_CFBundleDisplayName = Cryptoview;
				INFOPLIST_KEY_LSApplicationCategoryType = "public.app-category.finance";
				INFOPLIST_KEY_UIApplicationSceneManifest_Generation = YES;
				INFOPLIST_KEY_UIApplicationSupportsIndirectInputEvents = YES;
				INFOPLIST_KEY_UILaunchScreen_Generation = YES;
				INFOPLIST_KEY_UISupportedInterfaceOrientations = UIInterfaceOrientationPortrait;
				INFOPLIST_KEY_UISupportedInterfaceOrientations_iPad = "UIInterfaceOrientationLandscapeLeft UIInterfaceOrientationLandscapeRight UIInterfaceOrientationPortrait UIInterfaceOrientationPortraitUpsideDown";
				LD_RUNPATH_SEARCH_PATHS = (
					"$(inherited)",
					"@executable_path/Frameworks",
				);
				MARKETING_VERSION = 1.0;
				PRODUCT_BUNDLE_IDENTIFIER = Hammer.Cryptoview;
				PRODUCT_NAME = "$(TARGET_NAME)";
				SUPPORTED_PLATFORMS = "iphoneos iphonesimulator";
				SUPPORTS_MACCATALYST = NO;
				SUPPORTS_MAC_DESIGNED_FOR_IPHONE_IPAD = NO;
				SWIFT_EMIT_LOC_STRINGS = YES;
				SWIFT_VERSION = 5.0;
				TARGETED_DEVICE_FAMILY = 1;
			};
			name = Release;
		};
/* End XCBuildConfiguration section */

/* Begin XCConfigurationList section */
		D0CA03882B442B28004BBC82 /* Build configuration list for PBXProject "Cryptoview" */ = {
			isa = XCConfigurationList;
			buildConfigurations = (
				D0CA03992B442B2B004BBC82 /* Debug */,
				D0CA039A2B442B2B004BBC82 /* Release */,
			);
			defaultConfigurationIsVisible = 0;
			defaultConfigurationName = Release;
		};
		D0CA039B2B442B2B004BBC82 /* Build configuration list for PBXNativeTarget "Cryptoview" */ = {
			isa = XCConfigurationList;
			buildConfigurations = (
				D0CA039C2B442B2B004BBC82 /* Debug */,
				D0CA039D2B442B2B004BBC82 /* Release */,
			);
			defaultConfigurationIsVisible = 0;
			defaultConfigurationName = Release;
		};
/* End XCConfigurationList section */

/* Begin XCVersionGroup section */
		D0E561252B4BEC0900129E0C /* PortfolioContainer.xcdatamodeld */ = {
			isa = XCVersionGroup;
			children = (
				D0E561262B4BEC0900129E0C /* PortfolioContainer.xcdatamodel */,
			);
			currentVersion = D0E561262B4BEC0900129E0C /* PortfolioContainer.xcdatamodel */;
			path = PortfolioContainer.xcdatamodeld;
			sourceTree = "<group>";
			versionGroupType = wrapper.xcdatamodel;
		};
/* End XCVersionGroup section */
	};
	rootObject = D0CA03852B442B28004BBC82 /* Project object */;
}
